
Microsoft Visual Studio Solution File, Format Version 12.00
# Visual Studio 15
VisualStudioVersion = 15.0.27703.2000
MinimumVisualStudioVersion = 10.0.40219.1
Project("{9A19103F-16F7-4668-BE54-9A1E7A4F7556}") = "Contract", "Contract\Contract.csproj", "{0EBCE6D2-6ADD-49C2-AD90-38EBAAFC8E05}"
EndProject
Project("{9A19103F-16F7-4668-BE54-9A1E7A4F7556}") = "Publisher", "Publisher\Publisher.csproj", "{07269562-D2C1-4A4F-B29C-5519D388C0AA}"
EndProject
Project("{FAE04EC0-301F-11D3-BF4B-00C04F79EFBC}") = "Subscriber", "Subscriber\Subscriber.csproj", "{3976DE56-FEE5-46E1-9C1B-B4EA38A7855F}"
EndProject
Global
	GlobalSection(SolutionConfigurationPlatforms) = preSolution
		Debug|Any CPU = Debug|Any CPU
		Release|Any CPU = Release|Any CPU
	EndGlobalSection
	GlobalSection(ProjectConfigurationPlatforms) = postSolution
		{0EBCE6D2-6ADD-49C2-AD90-38EBAAFC8E05}.Debug|Any CPU.ActiveCfg = Debug|Any CPU
		{0EBCE6D2-6ADD-49C2-AD90-38EBAAFC8E05}.Debug|Any CPU.Build.0 = Debug|Any CPU
		{0EBCE6D2-6ADD-49C2-AD90-38EBAAFC8E05}.Release|Any CPU.ActiveCfg = Release|Any CPU
		{0EBCE6D2-6ADD-49C2-AD90-38EBAAFC8E05}.Release|Any CPU.Build.0 = Release|Any CPU
		{07269562-D2C1-4A4F-B29C-5519D388C0AA}.Debug|Any CPU.ActiveCfg = Debug|Any CPU
		{07269562-D2C1-4A4F-B29C-5519D388C0AA}.Debug|Any CPU.Build.0 = Debug|Any CPU
		{07269562-D2C1-4A4F-B29C-5519D388C0AA}.Release|Any CPU.ActiveCfg = Release|Any CPU
		{07269562-D2C1-4A4F-B29C-5519D388C0AA}.Release|Any CPU.Build.0 = Release|Any CPU
		{3976DE56-FEE5-46E1-9C1B-B4EA38A7855F}.Debug|Any CPU.ActiveCfg = Debug|Any CPU
		{3976DE56-FEE5-46E1-9C1B-B4EA38A7855F}.Debug|Any CPU.Build.0 = Debug|Any CPU
		{3976DE56-FEE5-46E1-9C1B-B4EA38A7855F}.Release|Any CPU.ActiveCfg = Release|Any CPU
		{3976DE56-FEE5-46E1-9C1B-B4EA38A7855F}.Release|Any CPU.Build.0 = Release|Any CPU
	EndGlobalSection
	GlobalSection(SolutionProperties) = preSolution
		HideSolutionNode = FALSE
	EndGlobalSection
	GlobalSection(ExtensibilityGlobals) = postSolution
		SolutionGuid = {D47D5EE6-42C5-4DE4-A99C-5B7F17D8B4E6}
	EndGlobalSection
EndGlobal
